
Microsoft Visual Studio Solution File, Format Version 12.00
# Visual Studio Version 17
VisualStudioVersion = 17.1.32414.318
MinimumVisualStudioVersion = 10.0.40219.1
Project("{9A19103F-16F7-4668-BE54-9A1E7A4F7556}") = "MockClassifier.UnitTests", "MockClassifier.UnitTests\MockClassifier.UnitTests.csproj", "{5007B237-0325-4856-A170-D0F690AF094B}"
EndProject
Project("{9A19103F-16F7-4668-BE54-9A1E7A4F7556}") = "MockClassifier.Api", "MockClassifier.Api\MockClassifier.Api.csproj", "{66A3D732-C37F-4E0A-8F2A-16A91CDFDBBF}"
EndProject
Global
	GlobalSection(SolutionConfigurationPlatforms) = preSolution
		Debug|Any CPU = Debug|Any CPU
		Release|Any CPU = Release|Any CPU
	EndGlobalSection
	GlobalSection(ProjectConfigurationPlatforms) = postSolution
		{5007B237-0325-4856-A170-D0F690AF094B}.Debug|Any CPU.ActiveCfg = Debug|Any CPU
		{5007B237-0325-4856-A170-D0F690AF094B}.Debug|Any CPU.Build.0 = Debug|Any CPU
		{5007B237-0325-4856-A170-D0F690AF094B}.Release|Any CPU.ActiveCfg = Release|Any CPU
		{5007B237-0325-4856-A170-D0F690AF094B}.Release|Any CPU.Build.0 = Release|Any CPU
		{66A3D732-C37F-4E0A-8F2A-16A91CDFDBBF}.Debug|Any CPU.ActiveCfg = Debug|Any CPU
		{66A3D732-C37F-4E0A-8F2A-16A91CDFDBBF}.Debug|Any CPU.Build.0 = Debug|Any CPU
		{66A3D732-C37F-4E0A-8F2A-16A91CDFDBBF}.Release|Any CPU.ActiveCfg = Release|Any CPU
		{66A3D732-C37F-4E0A-8F2A-16A91CDFDBBF}.Release|Any CPU.Build.0 = Release|Any CPU
	EndGlobalSection
	GlobalSection(SolutionProperties) = preSolution
		HideSolutionNode = FALSE
	EndGlobalSection
	GlobalSection(ExtensibilityGlobals) = postSolution
		SolutionGuid = {C7A76236-F04E-4E9C-9C3F-C4574B819EF1}
	EndGlobalSection
EndGlobal
