
Microsoft Visual Studio Solution File, Format Version 12.00
# Visual Studio Version 17
VisualStudioVersion = 17.1.32414.318
MinimumVisualStudioVersion = 10.0.40219.1
Project("{FAE04EC0-301F-11D3-BF4B-00C04F79EFBC}") = "mock-classifier", "mock-classifier\mock-classifier.csproj", "{B964F705-F31C-4028-9FB7-9A93DE4EBC90}"
EndProject
Project("{FAE04EC0-301F-11D3-BF4B-00C04F79EFBC}") = "mock-classifier.unit-tests", "mock-classifier.unit-tests\mock-classifier.unit-tests.csproj", "{40E01D67-75E0-46EC-ABD0-644BFA3E9984}"
EndProject
Project("{FAE04EC0-301F-11D3-BF4B-00C04F79EFBC}") = "mock-classifier.integration-tests", "mock-classifier.integration-tests\mock-classifier.integration-tests.csproj", "{9F0B18AA-848C-48EC-82F5-792B03846C33}"
EndProject
Global
	GlobalSection(SolutionConfigurationPlatforms) = preSolution
		Debug|Any CPU = Debug|Any CPU
		Release|Any CPU = Release|Any CPU
	EndGlobalSection
	GlobalSection(ProjectConfigurationPlatforms) = postSolution
		{B964F705-F31C-4028-9FB7-9A93DE4EBC90}.Debug|Any CPU.ActiveCfg = Debug|Any CPU
		{B964F705-F31C-4028-9FB7-9A93DE4EBC90}.Debug|Any CPU.Build.0 = Debug|Any CPU
		{B964F705-F31C-4028-9FB7-9A93DE4EBC90}.Release|Any CPU.ActiveCfg = Release|Any CPU
		{B964F705-F31C-4028-9FB7-9A93DE4EBC90}.Release|Any CPU.Build.0 = Release|Any CPU
		{40E01D67-75E0-46EC-ABD0-644BFA3E9984}.Debug|Any CPU.ActiveCfg = Debug|Any CPU
		{40E01D67-75E0-46EC-ABD0-644BFA3E9984}.Debug|Any CPU.Build.0 = Debug|Any CPU
		{40E01D67-75E0-46EC-ABD0-644BFA3E9984}.Release|Any CPU.ActiveCfg = Release|Any CPU
		{40E01D67-75E0-46EC-ABD0-644BFA3E9984}.Release|Any CPU.Build.0 = Release|Any CPU
		{9F0B18AA-848C-48EC-82F5-792B03846C33}.Debug|Any CPU.ActiveCfg = Debug|Any CPU
		{9F0B18AA-848C-48EC-82F5-792B03846C33}.Debug|Any CPU.Build.0 = Debug|Any CPU
		{9F0B18AA-848C-48EC-82F5-792B03846C33}.Release|Any CPU.ActiveCfg = Release|Any CPU
		{9F0B18AA-848C-48EC-82F5-792B03846C33}.Release|Any CPU.Build.0 = Release|Any CPU
	EndGlobalSection
	GlobalSection(SolutionProperties) = preSolution
		HideSolutionNode = FALSE
	EndGlobalSection
	GlobalSection(ExtensibilityGlobals) = postSolution
		SolutionGuid = {C7A76236-F04E-4E9C-9C3F-C4574B819EF1}
	EndGlobalSection
EndGlobal
